{
  "version": "4",
  "specifiers": {
    "jsr:@std/bytes@^1.0.5": "1.0.5",
    "jsr:@std/streams@*": "1.0.9"
  },
  "jsr": {
    "@std/bytes@1.0.5": {
      "integrity": "4465dd739d7963d964c809202ebea6d5c6b8e3829ef25c6a224290fbb8a1021e"
    },
    "@std/streams@1.0.9": {
      "integrity": "a9d26b1988cdd7aa7b1f4b51e1c36c1557f3f252880fa6cc5b9f37078b1a5035",
      "dependencies": [
        "jsr:@std/bytes"
      ]
    }
  },
  "remote": {
    "https://deno.land/x/worker_vm@v0.2.1/mod.ts": "58df0818823fdc9ae182e3dca79fceb57e449d2664f9881df52b5d52c4a6ae7d",
    "https://deno.land/x/worker_vm@v0.2.1/worker.ts": "0e51907a0edddcae9e345153091adbd17ff247854ab456d861653677311edaed"
  }
}
